
Microsoft Visual Studio Solution File, Format Version 12.00
# Visual Studio Version 17
VisualStudioVersion = 17.8.34408.163
MinimumVisualStudioVersion = 10.0.40219.1
Project("{8BC9CEB8-8B4A-11D0-8D11-00A0C91BC942}") = "Project1", "Project1.vcxproj", "{B843F5CC-0E4B-42F2-A855-7D9A09C28F67}"
EndProject
Global
	GlobalSection(SolutionConfigurationPlatforms) = preSolution
		Debug|x64 = Debug|x64
		Debug|x86 = Debug|x86
		Release|x64 = Release|x64
		Release|x86 = Release|x86
	EndGlobalSection
	GlobalSection(ProjectConfigurationPlatforms) = postSolution
		{B843F5CC-0E4B-42F2-A855-7D9A09C28F67}.Debug|x64.ActiveCfg = Debug|x64
		{B843F5CC-0E4B-42F2-A855-7D9A09C28F67}.Debug|x64.Build.0 = Debug|x64
		{B843F5CC-0E4B-42F2-A855-7D9A09C28F67}.Debug|x86.ActiveCfg = Debug|Win32
		{B843F5CC-0E4B-42F2-A855-7D9A09C28F67}.Debug|x86.Build.0 = Debug|Win32
		{B843F5CC-0E4B-42F2-A855-7D9A09C28F67}.Release|x64.ActiveCfg = Release|x64
		{B843F5CC-0E4B-42F2-A855-7D9A09C28F67}.Release|x64.Build.0 = Release|x64
		{B843F5CC-0E4B-42F2-A855-7D9A09C28F67}.Release|x86.ActiveCfg = Release|Win32
		{B843F5CC-0E4B-42F2-A855-7D9A09C28F67}.Release|x86.Build.0 = Release|Win32
	EndGlobalSection
	GlobalSection(SolutionProperties) = preSolution
		HideSolutionNode = FALSE
	EndGlobalSection
	GlobalSection(ExtensibilityGlobals) = postSolution
		SolutionGuid = {79E769FC-7486-441A-AB39-62C9AFBB3670}
	EndGlobalSection
EndGlobal
